// !$*UTF8*$!
{
	archiveVersion = 1;
	classes = {
	};
	objectVersion = 48;
	objects = {

/* Begin PBXBuildFile section */
		040506F2212A9608009A739C /* AppDelegate.m in Sources */ = {isa = PBXBuildFile; fileRef = 040506F1212A9608009A739C /* AppDelegate.m */; };
		0405070A212A9609009A739C /* FSiOSAppDemoTests.m in Sources */ = {isa = PBXBuildFile; fileRef = 04050709212A9609009A739C /* FSiOSAppDemoTests.m */; };
		04050715212A9609009A739C /* FSiOSAppDemoUITests.m in Sources */ = {isa = PBXBuildFile; fileRef = 04050714212A9609009A739C /* FSiOSAppDemoUITests.m */; };
		04050724212A962A009A739C /* FSBaseView.m in Sources */ = {isa = PBXBuildFile; fileRef = 04050723212A962A009A739C /* FSBaseView.m */; };
		0405072F212AA085009A739C /* FSBaseView+TableView.m in Sources */ = {isa = PBXBuildFile; fileRef = 0405072E212AA085009A739C /* FSBaseView+TableView.m */; };
		04498054215A2BB7005C0D28 /* Settings.bundle in Resources */ = {isa = PBXBuildFile; fileRef = 04498053215A2BB7005C0D28 /* Settings.bundle */; };
		044980F4215B8A34005C0D28 /* FSMasterSearchResultController.m in Sources */ = {isa = PBXBuildFile; fileRef = 044980F3215B8A34005C0D28 /* FSMasterSearchResultController.m */; };
		04498139215CC1AC005C0D28 /* FSController10.m in Sources */ = {isa = PBXBuildFile; fileRef = 04498138215CC1AC005C0D28 /* FSController10.m */; };
		0449813C215CC1D4005C0D28 /* FS10CollectionViewCell.m in Sources */ = {isa = PBXBuildFile; fileRef = 0449813B215CC1D4005C0D28 /* FS10CollectionViewCell.m */; };
		0449813F215CD1BE005C0D28 /* FS10ColletionItem.m in Sources */ = {isa = PBXBuildFile; fileRef = 0449813E215CD1BE005C0D28 /* FS10ColletionItem.m */; };
		04521C03214A53A0003149A0 /* FSView.m in Sources */ = {isa = PBXBuildFile; fileRef = 04521C02214A53A0003149A0 /* FSView.m */; };
		04521C0A214B53F0003149A0 /* FSController01.m in Sources */ = {isa = PBXBuildFile; fileRef = 04521C09214B53F0003149A0 /* FSController01.m */; };
		04521C0D214B5791003149A0 /* FSBaseViewController.m in Sources */ = {isa = PBXBuildFile; fileRef = 04521C0C214B5791003149A0 /* FSBaseViewController.m */; };
		04521C10214B5875003149A0 /* FSController02.m in Sources */ = {isa = PBXBuildFile; fileRef = 04521C0F214B5875003149A0 /* FSController02.m */; };
		04521C13214B5945003149A0 /* FSController03.m in Sources */ = {isa = PBXBuildFile; fileRef = 04521C12214B5945003149A0 /* FSController03.m */; };
		04521C19214B5FD1003149A0 /* FSController05.m in Sources */ = {isa = PBXBuildFile; fileRef = 04521C18214B5FD1003149A0 /* FSController05.m */; };
		04521C1D214B7CF3003149A0 /* FSController04.m in Sources */ = {isa = PBXBuildFile; fileRef = 04521C1C214B7CF2003149A0 /* FSController04.m */; };
		04521C20214B7D12003149A0 /* FSPopoverContainer.m in Sources */ = {isa = PBXBuildFile; fileRef = 04521C1F214B7D12003149A0 /* FSPopoverContainer.m */; };
		04521C23214B7D95003149A0 /* FSPresentationController.m in Sources */ = {isa = PBXBuildFile; fileRef = 04521C22214B7D95003149A0 /* FSPresentationController.m */; };
		04521C27214BA6FF003149A0 /* ViewController.m in Sources */ = {isa = PBXBuildFile; fileRef = 04521C25214BA6FF003149A0 /* ViewController.m */; };
		04521C32214BA761003149A0 /* Assets.xcassets in Resources */ = {isa = PBXBuildFile; fileRef = 04521C29214BA761003149A0 /* Assets.xcassets */; };
		04521C33214BA761003149A0 /* LaunchScreen.storyboard in Resources */ = {isa = PBXBuildFile; fileRef = 04521C2A214BA761003149A0 /* LaunchScreen.storyboard */; };
		04521C34214BA761003149A0 /* Main.storyboard in Resources */ = {isa = PBXBuildFile; fileRef = 04521C2C214BA761003149A0 /* Main.storyboard */; };
		04521C35214BA761003149A0 /* InfoPlist.strings in Resources */ = {isa = PBXBuildFile; fileRef = 04521C2E214BA761003149A0 /* InfoPlist.strings */; };
		04521C38214BA761003149A0 /* File.strings in Resources */ = {isa = PBXBuildFile; fileRef = 04521C31214BA761003149A0 /* File.strings */; };
		04521C41214BA84C003149A0 /* Info.plist in Resources */ = {isa = PBXBuildFile; fileRef = 04521C3F214BA84C003149A0 /* Info.plist */; };
		04521C42214BA84C003149A0 /* main.m in Sources */ = {isa = PBXBuildFile; fileRef = 04521C40214BA84C003149A0 /* main.m */; };
		04521C45214BA8B6003149A0 /* FSNavigationController.m in Sources */ = {isa = PBXBuildFile; fileRef = 04521C44214BA8B6003149A0 /* FSNavigationController.m */; };
		04521C48214BB147003149A0 /* FSController06.m in Sources */ = {isa = PBXBuildFile; fileRef = 04521C47214BB147003149A0 /* FSController06.m */; };
		04521C4F214E083D003149A0 /* FSController07.m in Sources */ = {isa = PBXBuildFile; fileRef = 04521C4E214E083D003149A0 /* FSController07.m */; };
		04521C52214E084A003149A0 /* FSMasterController.m in Sources */ = {isa = PBXBuildFile; fileRef = 04521C51214E084A003149A0 /* FSMasterController.m */; };
		04521C55214E085B003149A0 /* FSDetailController01.m in Sources */ = {isa = PBXBuildFile; fileRef = 04521C54214E085B003149A0 /* FSDetailController01.m */; };
		04521C58214E0868003149A0 /* FSDetailController02.m in Sources */ = {isa = PBXBuildFile; fileRef = 04521C57214E0868003149A0 /* FSDetailController02.m */; };
		04521C5B214E0875003149A0 /* FSDetailController03.m in Sources */ = {isa = PBXBuildFile; fileRef = 04521C5A214E0875003149A0 /* FSDetailController03.m */; };
		04521C5E214E1CA2003149A0 /* FSRoundedCornerCell.m in Sources */ = {isa = PBXBuildFile; fileRef = 04521C5D214E1CA2003149A0 /* FSRoundedCornerCell.m */; };
		046080B8217870F4003453ED /* NSStream+SKPSMTPExtensions.m in Sources */ = {isa = PBXBuildFile; fileRef = 046080AF217870F4003453ED /* NSStream+SKPSMTPExtensions.m */; settings = {COMPILER_FLAGS = "-fno-objc-arc"; }; };
		046080B9217870F4003453ED /* SKPSMTPMessage.m in Sources */ = {isa = PBXBuildFile; fileRef = 046080B3217870F4003453ED /* SKPSMTPMessage.m */; settings = {COMPILER_FLAGS = "-fno-objc-arc"; }; };
		046080BA217870F4003453ED /* NSData+Base64Additions.m in Sources */ = {isa = PBXBuildFile; fileRef = 046080B5217870F4003453ED /* NSData+Base64Additions.m */; };
		046080BB217870F4003453ED /* Base64Transcoder.m in Sources */ = {isa = PBXBuildFile; fileRef = 046080B6217870F4003453ED /* Base64Transcoder.m */; settings = {COMPILER_FLAGS = "-fno-objc-arc"; }; };
		046080BC217870F4003453ED /* HSK_CFUtilities.m in Sources */ = {isa = PBXBuildFile; fileRef = 046080B7217870F4003453ED /* HSK_CFUtilities.m */; settings = {COMPILER_FLAGS = "-fno-objc-arc"; }; };
		046080BF217875DA003453ED /* CFNetwork.framework in Frameworks */ = {isa = PBXBuildFile; fileRef = 046080BE217875DA003453ED /* CFNetwork.framework */; };
		046080EE21788E0D003453ED /* SMTPLibrary.framework in Frameworks */ = {isa = PBXBuildFile; fileRef = 046080ED21788E0D003453ED /* SMTPLibrary.framework */; };
		046BC5F62175ACAF00C8D84A /* NotificationPayload.apns in Resources */ = {isa = PBXBuildFile; fileRef = 046BC5F52175ACAF00C8D84A /* NotificationPayload.apns */; };
		046BC5F82175AD7100C8D84A /* Directions.geojson in Resources */ = {isa = PBXBuildFile; fileRef = 046BC5F72175AD7100C8D84A /* Directions.geojson */; };
		046BC6082176F2C300C8D84A /* FSBitImage.m in Sources */ = {isa = PBXBuildFile; fileRef = 046BC6072176F2C300C8D84A /* FSBitImage.m */; };
		046BC60B2176FDAE00C8D84A /* FSPixel.m in Sources */ = {isa = PBXBuildFile; fileRef = 046BC60A2176FDAE00C8D84A /* FSPixel.m */; };
		046BD046217833DC00C8D84A /* FSController13.m in Sources */ = {isa = PBXBuildFile; fileRef = 046BD045217833DC00C8D84A /* FSController13.m */; };
		046FFB232157A9DE00FE81D6 /* FSController09.m in Sources */ = {isa = PBXBuildFile; fileRef = 046FFB222157A9DE00FE81D6 /* FSController09.m */; };
		047EFC22215697750013297A /* FSController08.m in Sources */ = {isa = PBXBuildFile; fileRef = 047EFC21215697750013297A /* FSController08.m */; };
		04AC7AD2215E26B40018B29D /* FSController11.m in Sources */ = {isa = PBXBuildFile; fileRef = 04AC7AD1215E26B40018B29D /* FSController11.m */; };
		04B97C5D2181A61900AD7C42 /* FSController14.m in Sources */ = {isa = PBXBuildFile; fileRef = 04B97C5C2181A61900AD7C42 /* FSController14.m */; };
		04B97C602181A82100AD7C42 /* FSOperation.m in Sources */ = {isa = PBXBuildFile; fileRef = 04B97C5F2181A82100AD7C42 /* FSOperation.m */; };
		04EC2D9221707C4300CFE828 /* FMDatabaseQueue.m in Sources */ = {isa = PBXBuildFile; fileRef = 04EC2D8721707C4300CFE828 /* FMDatabaseQueue.m */; };
		04EC2D9321707C4300CFE828 /* FMDatabaseAdditions.m in Sources */ = {isa = PBXBuildFile; fileRef = 04EC2D8A21707C4300CFE828 /* FMDatabaseAdditions.m */; };
		04EC2D9421707C4300CFE828 /* FMDatabase.m in Sources */ = {isa = PBXBuildFile; fileRef = 04EC2D8B21707C4300CFE828 /* FMDatabase.m */; };
		04EC2D9521707C4300CFE828 /* FMDatabasePool.m in Sources */ = {isa = PBXBuildFile; fileRef = 04EC2D8F21707C4300CFE828 /* FMDatabasePool.m */; };
		04EC2D9621707C4300CFE828 /* FMResultSet.m in Sources */ = {isa = PBXBuildFile; fileRef = 04EC2D9021707C4300CFE828 /* FMResultSet.m */; };
		04EC2D9721707C4300CFE828 /* Info.plist in Resources */ = {isa = PBXBuildFile; fileRef = 04EC2D9121707C4300CFE828 /* Info.plist */; };
		04EC2DAA2170813A00CFE828 /* FSRoleDBManager.m in Sources */ = {isa = PBXBuildFile; fileRef = 04EC2DA92170813A00CFE828 /* FSRoleDBManager.m */; };
		04EC2DB5217085E200CFE828 /* FSPerson.m in Sources */ = {isa = PBXBuildFile; fileRef = 04EC2DAD217085E200CFE828 /* FSPerson.m */; };
		04EC2DB6217085E200CFE828 /* FSCar.m in Sources */ = {isa = PBXBuildFile; fileRef = 04EC2DB1217085E200CFE828 /* FSCar.m */; };
		04EC2DB7217085E200CFE828 /* FSDog.m in Sources */ = {isa = PBXBuildFile; fileRef = 04EC2DB2217085E200CFE828 /* FSDog.m */; };
		04EC2DB8217085E200CFE828 /* FSBook.m in Sources */ = {isa = PBXBuildFile; fileRef = 04EC2DB4217085E200CFE828 /* FSBook.m */; };
		04EC2DBB21708CE600CFE828 /* FS11PersonController.m in Sources */ = {isa = PBXBuildFile; fileRef = 04EC2DBA21708CE600CFE828 /* FS11PersonController.m */; };
		04EC2DBF21708F0700CFE828 /* UIView+Frame.m in Sources */ = {isa = PBXBuildFile; fileRef = 04EC2DBE21708F0700CFE828 /* UIView+Frame.m */; };
		04EC2DC22170A4BC00CFE828 /* FSBaseData.m in Sources */ = {isa = PBXBuildFile; fileRef = 04EC2DC12170A4BC00CFE828 /* FSBaseData.m */; };
		04EC2DC5217325B100CFE828 /* NSDictionary+JSON.m in Sources */ = {isa = PBXBuildFile; fileRef = 04EC2DC4217325B100CFE828 /* NSDictionary+JSON.m */; };
		04EC2DC8217326D900CFE828 /* NSString+JSON.m in Sources */ = {isa = PBXBuildFile; fileRef = 04EC2DC7217326D900CFE828 /* NSString+JSON.m */; };
		04EC2DCB217340B200CFE828 /* NSArray+JSON.m in Sources */ = {isa = PBXBuildFile; fileRef = 04EC2DCA217340B200CFE828 /* NSArray+JSON.m */; };
		04EC2DCE2173496900CFE828 /* NSData+JSON.m in Sources */ = {isa = PBXBuildFile; fileRef = 04EC2DCD2173496900CFE828 /* NSData+JSON.m */; };
		04EC2DD221743A7000CFE828 /* FSController12.m in Sources */ = {isa = PBXBuildFile; fileRef = 04EC2DD121743A7000CFE828 /* FSController12.m */; };
/* End PBXBuildFile section */

/* Begin PBXContainerItemProxy section */
		04050706212A9609009A739C /* PBXContainerItemProxy */ = {
			isa = PBXContainerItemProxy;
			containerPortal = 040506E5212A9608009A739C /* Project object */;
			proxyType = 1;
			remoteGlobalIDString = 040506EC212A9608009A739C;
			remoteInfo = FSiOSAppDemo;
		};
		04050711212A9609009A739C /* PBXContainerItemProxy */ = {
			isa = PBXContainerItemProxy;
			containerPortal = 040506E5212A9608009A739C /* Project object */;
			proxyType = 1;
			remoteGlobalIDString = 040506EC212A9608009A739C;
			remoteInfo = FSiOSAppDemo;
		};
/* End PBXContainerItemProxy section */

/* Begin PBXFileReference section */
		040506ED212A9608009A739C /* FSiOSAppDemo.app */ = {isa = PBXFileReference; explicitFileType = wrapper.application; includeInIndex = 0; path = FSiOSAppDemo.app; sourceTree = BUILT_PRODUCTS_DIR; };
		040506F0212A9608009A739C /* AppDelegate.h */ = {isa = PBXFileReference; lastKnownFileType = sourcecode.c.h; path = AppDelegate.h; sourceTree = "<group>"; };
		040506F1212A9608009A739C /* AppDelegate.m */ = {isa = PBXFileReference; lastKnownFileType = sourcecode.c.objc; path = AppDelegate.m; sourceTree = "<group>"; };
		04050705212A9609009A739C /* FSiOSAppDemoTests.xctest */ = {isa = PBXFileReference; explicitFileType = wrapper.cfbundle; includeInIndex = 0; path = FSiOSAppDemoTests.xctest; sourceTree = BUILT_PRODUCTS_DIR; };
		04050709212A9609009A739C /* FSiOSAppDemoTests.m */ = {isa = PBXFileReference; lastKnownFileType = sourcecode.c.objc; path = FSiOSAppDemoTests.m; sourceTree = "<group>"; };
		0405070B212A9609009A739C /* Info.plist */ = {isa = PBXFileReference; lastKnownFileType = text.plist.xml; path = Info.plist; sourceTree = "<group>"; };
		04050710212A9609009A739C /* FSiOSAppDemoUITests.xctest */ = {isa = PBXFileReference; explicitFileType = wrapper.cfbundle; includeInIndex = 0; path = FSiOSAppDemoUITests.xctest; sourceTree = BUILT_PRODUCTS_DIR; };
		04050714212A9609009A739C /* FSiOSAppDemoUITests.m */ = {isa = PBXFileReference; lastKnownFileType = sourcecode.c.objc; path = FSiOSAppDemoUITests.m; sourceTree = "<group>"; };
		04050716212A9609009A739C /* Info.plist */ = {isa = PBXFileReference; lastKnownFileType = text.plist.xml; path = Info.plist; sourceTree = "<group>"; };
		04050722212A962A009A739C /* FSBaseView.h */ = {isa = PBXFileReference; lastKnownFileType = sourcecode.c.h; path = FSBaseView.h; sourceTree = "<group>"; };
		04050723212A962A009A739C /* FSBaseView.m */ = {isa = PBXFileReference; lastKnownFileType = sourcecode.c.objc; path = FSBaseView.m; sourceTree = "<group>"; };
		0405072C212A9F9E009A739C /* FSBaseView+Sen.h */ = {isa = PBXFileReference; lastKnownFileType = sourcecode.c.h; path = "FSBaseView+Sen.h"; sourceTree = "<group>"; };
		0405072E212AA085009A739C /* FSBaseView+TableView.m */ = {isa = PBXFileReference; lastKnownFileType = sourcecode.c.objc; path = "FSBaseView+TableView.m"; sourceTree = "<group>"; };
		04498053215A2BB7005C0D28 /* Settings.bundle */ = {isa = PBXFileReference; lastKnownFileType = "wrapper.plug-in"; path = Settings.bundle; sourceTree = "<group>"; };
		044980F2215B8A34005C0D28 /* FSMasterSearchResultController.h */ = {isa = PBXFileReference; lastKnownFileType = sourcecode.c.h; path = FSMasterSearchResultController.h; sourceTree = "<group>"; };
		044980F3215B8A34005C0D28 /* FSMasterSearchResultController.m */ = {isa = PBXFileReference; lastKnownFileType = sourcecode.c.objc; path = FSMasterSearchResultController.m; sourceTree = "<group>"; };
		04498137215CC1AC005C0D28 /* FSController10.h */ = {isa = PBXFileReference; fileEncoding = 4; lastKnownFileType = sourcecode.c.h; path = FSController10.h; sourceTree = "<group>"; };
		04498138215CC1AC005C0D28 /* FSController10.m */ = {isa = PBXFileReference; fileEncoding = 4; lastKnownFileType = sourcecode.c.objc; path = FSController10.m; sourceTree = "<group>"; };
		0449813A215CC1D4005C0D28 /* FS10CollectionViewCell.h */ = {isa = PBXFileReference; lastKnownFileType = sourcecode.c.h; path = FS10CollectionViewCell.h; sourceTree = "<group>"; };
		0449813B215CC1D4005C0D28 /* FS10CollectionViewCell.m */ = {isa = PBXFileReference; lastKnownFileType = sourcecode.c.objc; path = FS10CollectionViewCell.m; sourceTree = "<group>"; };
		0449813D215CD1BE005C0D28 /* FS10ColletionItem.h */ = {isa = PBXFileReference; lastKnownFileType = sourcecode.c.h; path = FS10ColletionItem.h; sourceTree = "<group>"; };
		0449813E215CD1BE005C0D28 /* FS10ColletionItem.m */ = {isa = PBXFileReference; lastKnownFileType = sourcecode.c.objc; path = FS10ColletionItem.m; sourceTree = "<group>"; };
		04521C01214A53A0003149A0 /* FSView.h */ = {isa = PBXFileReference; lastKnownFileType = sourcecode.c.h; path = FSView.h; sourceTree = "<group>"; };
		04521C02214A53A0003149A0 /* FSView.m */ = {isa = PBXFileReference; lastKnownFileType = sourcecode.c.objc; path = FSView.m; sourceTree = "<group>"; };
		04521C08214B53F0003149A0 /* FSController01.h */ = {isa = PBXFileReference; lastKnownFileType = sourcecode.c.h; path = FSController01.h; sourceTree = "<group>"; };
		04521C09214B53F0003149A0 /* FSController01.m */ = {isa = PBXFileReference; lastKnownFileType = sourcecode.c.objc; path = FSController01.m; sourceTree = "<group>"; };
		04521C0B214B5791003149A0 /* FSBaseViewController.h */ = {isa = PBXFileReference; lastKnownFileType = sourcecode.c.h; path = FSBaseViewController.h; sourceTree = "<group>"; };
		04521C0C214B5791003149A0 /* FSBaseViewController.m */ = {isa = PBXFileReference; lastKnownFileType = sourcecode.c.objc; path = FSBaseViewController.m; sourceTree = "<group>"; };
		04521C0E214B5875003149A0 /* FSController02.h */ = {isa = PBXFileReference; lastKnownFileType = sourcecode.c.h; path = FSController02.h; sourceTree = "<group>"; };
		04521C0F214B5875003149A0 /* FSController02.m */ = {isa = PBXFileReference; lastKnownFileType = sourcecode.c.objc; path = FSController02.m; sourceTree = "<group>"; };
		04521C11214B5945003149A0 /* FSController03.h */ = {isa = PBXFileReference; lastKnownFileType = sourcecode.c.h; path = FSController03.h; sourceTree = "<group>"; };
		04521C12214B5945003149A0 /* FSController03.m */ = {isa = PBXFileReference; lastKnownFileType = sourcecode.c.objc; path = FSController03.m; sourceTree = "<group>"; };
		04521C17214B5FD1003149A0 /* FSController05.h */ = {isa = PBXFileReference; lastKnownFileType = sourcecode.c.h; path = FSController05.h; sourceTree = "<group>"; };
		04521C18214B5FD1003149A0 /* FSController05.m */ = {isa = PBXFileReference; lastKnownFileType = sourcecode.c.objc; path = FSController05.m; sourceTree = "<group>"; };
		04521C1B214B7CF2003149A0 /* FSController04.h */ = {isa = PBXFileReference; fileEncoding = 4; lastKnownFileType = sourcecode.c.h; path = FSController04.h; sourceTree = "<group>"; };
		04521C1C214B7CF2003149A0 /* FSController04.m */ = {isa = PBXFileReference; fileEncoding = 4; lastKnownFileType = sourcecode.c.objc; path = FSController04.m; sourceTree = "<group>"; };
		04521C1E214B7D12003149A0 /* FSPopoverContainer.h */ = {isa = PBXFileReference; lastKnownFileType = sourcecode.c.h; path = FSPopoverContainer.h; sourceTree = "<group>"; };
		04521C1F214B7D12003149A0 /* FSPopoverContainer.m */ = {isa = PBXFileReference; lastKnownFileType = sourcecode.c.objc; path = FSPopoverContainer.m; sourceTree = "<group>"; };
		04521C21214B7D95003149A0 /* FSPresentationController.h */ = {isa = PBXFileReference; lastKnownFileType = sourcecode.c.h; path = FSPresentationController.h; sourceTree = "<group>"; };
		04521C22214B7D95003149A0 /* FSPresentationController.m */ = {isa = PBXFileReference; lastKnownFileType = sourcecode.c.objc; path = FSPresentationController.m; sourceTree = "<group>"; };
		04521C25214BA6FF003149A0 /* ViewController.m */ = {isa = PBXFileReference; fileEncoding = 4; lastKnownFileType = sourcecode.c.objc; path = ViewController.m; sourceTree = "<group>"; };
		04521C26214BA6FF003149A0 /* ViewController.h */ = {isa = PBXFileReference; fileEncoding = 4; lastKnownFileType = sourcecode.c.h; path = ViewController.h; sourceTree = "<group>"; };
		04521C29214BA761003149A0 /* Assets.xcassets */ = {isa = PBXFileReference; lastKnownFileType = folder.assetcatalog; path = Assets.xcassets; sourceTree = "<group>"; };
		04521C2B214BA761003149A0 /* Base */ = {isa = PBXFileReference; lastKnownFileType = file.storyboard; name = Base; path = Base.lproj/LaunchScreen.storyboard; sourceTree = "<group>"; };
		04521C2D214BA761003149A0 /* Base */ = {isa = PBXFileReference; lastKnownFileType = file.storyboard; name = Base; path = Base.lproj/Main.storyboard; sourceTree = "<group>"; };
		04521C2E214BA761003149A0 /* InfoPlist.strings */ = {isa = PBXFileReference; fileEncoding = 4; lastKnownFileType = text.plist.strings; path = InfoPlist.strings; sourceTree = "<group>"; };
		04521C31214BA761003149A0 /* File.strings */ = {isa = PBXFileReference; fileEncoding = 4; lastKnownFileType = text.plist.strings; path = File.strings; sourceTree = "<group>"; };
		04521C3F214BA84C003149A0 /* Info.plist */ = {isa = PBXFileReference; fileEncoding = 4; lastKnownFileType = text.plist.xml; path = Info.plist; sourceTree = "<group>"; };
		04521C40214BA84C003149A0 /* main.m */ = {isa = PBXFileReference; fileEncoding = 4; lastKnownFileType = sourcecode.c.objc; path = main.m; sourceTree = "<group>"; };
		04521C43214BA8B6003149A0 /* FSNavigationController.h */ = {isa = PBXFileReference; lastKnownFileType = sourcecode.c.h; path = FSNavigationController.h; sourceTree = "<group>"; };
		04521C44214BA8B6003149A0 /* FSNavigationController.m */ = {isa = PBXFileReference; lastKnownFileType = sourcecode.c.objc; path = FSNavigationController.m; sourceTree = "<group>"; };
		04521C46214BB147003149A0 /* FSController06.h */ = {isa = PBXFileReference; lastKnownFileType = sourcecode.c.h; path = FSController06.h; sourceTree = "<group>"; };
		04521C47214BB147003149A0 /* FSController06.m */ = {isa = PBXFileReference; lastKnownFileType = sourcecode.c.objc; path = FSController06.m; sourceTree = "<group>"; };
		04521C4D214E083D003149A0 /* FSController07.h */ = {isa = PBXFileReference; fileEncoding = 4; lastKnownFileType = sourcecode.c.h; path = FSController07.h; sourceTree = "<group>"; };
		04521C4E214E083D003149A0 /* FSController07.m */ = {isa = PBXFileReference; fileEncoding = 4; lastKnownFileType = sourcecode.c.objc; path = FSController07.m; sourceTree = "<group>"; };
		04521C50214E084A003149A0 /* FSMasterController.h */ = {isa = PBXFileReference; lastKnownFileType = sourcecode.c.h; path = FSMasterController.h; sourceTree = "<group>"; };
		04521C51214E084A003149A0 /* FSMasterController.m */ = {isa = PBXFileReference; lastKnownFileType = sourcecode.c.objc; path = FSMasterController.m; sourceTree = "<group>"; };
		04521C53214E085B003149A0 /* FSDetailController01.h */ = {isa = PBXFileReference; lastKnownFileType = sourcecode.c.h; path = FSDetailController01.h; sourceTree = "<group>"; };
		04521C54214E085B003149A0 /* FSDetailController01.m */ = {isa = PBXFileReference; lastKnownFileType = sourcecode.c.objc; path = FSDetailController01.m; sourceTree = "<group>"; };
		04521C56214E0868003149A0 /* FSDetailController02.h */ = {isa = PBXFileReference; lastKnownFileType = sourcecode.c.h; path = FSDetailController02.h; sourceTree = "<group>"; };
		04521C57214E0868003149A0 /* FSDetailController02.m */ = {isa = PBXFileReference; lastKnownFileType = sourcecode.c.objc; path = FSDetailController02.m; sourceTree = "<group>"; };
		04521C59214E0875003149A0 /* FSDetailController03.h */ = {isa = PBXFileReference; lastKnownFileType = sourcecode.c.h; path = FSDetailController03.h; sourceTree = "<group>"; };
		04521C5A214E0875003149A0 /* FSDetailController03.m */ = {isa = PBXFileReference; lastKnownFileType = sourcecode.c.objc; path = FSDetailController03.m; sourceTree = "<group>"; };
		04521C5C214E1CA2003149A0 /* FSRoundedCornerCell.h */ = {isa = PBXFileReference; lastKnownFileType = sourcecode.c.h; path = FSRoundedCornerCell.h; sourceTree = "<group>"; };
		04521C5D214E1CA2003149A0 /* FSRoundedCornerCell.m */ = {isa = PBXFileReference; lastKnownFileType = sourcecode.c.objc; path = FSRoundedCornerCell.m; sourceTree = "<group>"; };
		046080AE217870F4003453ED /* NSData+Base64Additions.h */ = {isa = PBXFileReference; fileEncoding = 4; lastKnownFileType = sourcecode.c.h; path = "NSData+Base64Additions.h"; sourceTree = "<group>"; };
		046080AF217870F4003453ED /* NSStream+SKPSMTPExtensions.m */ = {isa = PBXFileReference; fileEncoding = 4; lastKnownFileType = sourcecode.c.objc; path = "NSStream+SKPSMTPExtensions.m"; sourceTree = "<group>"; };
		046080B0217870F4003453ED /* SKPSMTPMessage.h */ = {isa = PBXFileReference; fileEncoding = 4; lastKnownFileType = sourcecode.c.h; path = SKPSMTPMessage.h; sourceTree = "<group>"; };
		046080B1217870F4003453ED /* Base64Transcoder.h */ = {isa = PBXFileReference; fileEncoding = 4; lastKnownFileType = sourcecode.c.h; path = Base64Transcoder.h; sourceTree = "<group>"; };
		046080B2217870F4003453ED /* HSK_CFUtilities.h */ = {isa = PBXFileReference; fileEncoding = 4; lastKnownFileType = sourcecode.c.h; path = HSK_CFUtilities.h; sourceTree = "<group>"; };
		046080B3217870F4003453ED /* SKPSMTPMessage.m */ = {isa = PBXFileReference; fileEncoding = 4; lastKnownFileType = sourcecode.c.objc; path = SKPSMTPMessage.m; sourceTree = "<group>"; };
		046080B4217870F4003453ED /* NSStream+SKPSMTPExtensions.h */ = {isa = PBXFileReference; fileEncoding = 4; lastKnownFileType = sourcecode.c.h; path = "NSStream+SKPSMTPExtensions.h"; sourceTree = "<group>"; };
		046080B5217870F4003453ED /* NSData+Base64Additions.m */ = {isa = PBXFileReference; fileEncoding = 4; lastKnownFileType = sourcecode.c.objc; path = "NSData+Base64Additions.m"; sourceTree = "<group>"; };
		046080B6217870F4003453ED /* Base64Transcoder.m */ = {isa = PBXFileReference; fileEncoding = 4; lastKnownFileType = sourcecode.c.objc; path = Base64Transcoder.m; sourceTree = "<group>"; };
		046080B7217870F4003453ED /* HSK_CFUtilities.m */ = {isa = PBXFileReference; fileEncoding = 4; lastKnownFileType = sourcecode.c.objc; path = HSK_CFUtilities.m; sourceTree = "<group>"; };
		046080BE217875DA003453ED /* CFNetwork.framework */ = {isa = PBXFileReference; lastKnownFileType = wrapper.framework; name = CFNetwork.framework; path = System/Library/Frameworks/CFNetwork.framework; sourceTree = SDKROOT; };
		046080ED21788E0D003453ED /* SMTPLibrary.framework */ = {isa = PBXFileReference; lastKnownFileType = wrapper.framework; path = SMTPLibrary.framework; sourceTree = "<group>"; };
		046BC5F52175ACAF00C8D84A /* NotificationPayload.apns */ = {isa = PBXFileReference; lastKnownFileType = text; path = NotificationPayload.apns; sourceTree = "<group>"; };
		046BC5F72175AD7100C8D84A /* Directions.geojson */ = {isa = PBXFileReference; lastKnownFileType = text; path = Directions.geojson; sourceTree = "<group>"; };
		046BC6062176F2C300C8D84A /* FSBitImage.h */ = {isa = PBXFileReference; lastKnownFileType = sourcecode.c.h; path = FSBitImage.h; sourceTree = "<group>"; };
		046BC6072176F2C300C8D84A /* FSBitImage.m */ = {isa = PBXFileReference; lastKnownFileType = sourcecode.c.objc; path = FSBitImage.m; sourceTree = "<group>"; };
		046BC6092176FDAE00C8D84A /* FSPixel.h */ = {isa = PBXFileReference; lastKnownFileType = sourcecode.c.h; path = FSPixel.h; sourceTree = "<group>"; };
		046BC60A2176FDAE00C8D84A /* FSPixel.m */ = {isa = PBXFileReference; lastKnownFileType = sourcecode.c.objc; path = FSPixel.m; sourceTree = "<group>"; };
		046BD044217833DC00C8D84A /* FSController13.h */ = {isa = PBXFileReference; lastKnownFileType = sourcecode.c.h; path = FSController13.h; sourceTree = "<group>"; };
		046BD045217833DC00C8D84A /* FSController13.m */ = {isa = PBXFileReference; lastKnownFileType = sourcecode.c.objc; path = FSController13.m; sourceTree = "<group>"; };
		046FFB212157A9DE00FE81D6 /* FSController09.h */ = {isa = PBXFileReference; lastKnownFileType = sourcecode.c.h; path = FSController09.h; sourceTree = "<group>"; };
		046FFB222157A9DE00FE81D6 /* FSController09.m */ = {isa = PBXFileReference; lastKnownFileType = sourcecode.c.objc; path = FSController09.m; sourceTree = "<group>"; };
		047EFC20215697750013297A /* FSController08.h */ = {isa = PBXFileReference; lastKnownFileType = sourcecode.c.h; path = FSController08.h; sourceTree = "<group>"; };
		047EFC21215697750013297A /* FSController08.m */ = {isa = PBXFileReference; lastKnownFileType = sourcecode.c.objc; path = FSController08.m; sourceTree = "<group>"; };
		04AC7AD0215E26B40018B29D /* FSController11.h */ = {isa = PBXFileReference; lastKnownFileType = sourcecode.c.h; path = FSController11.h; sourceTree = "<group>"; };
		04AC7AD1215E26B40018B29D /* FSController11.m */ = {isa = PBXFileReference; lastKnownFileType = sourcecode.c.objc; path = FSController11.m; sourceTree = "<group>"; };
		04B70511214E4AC300A77DA7 /* PrefixHeader.pch */ = {isa = PBXFileReference; fileEncoding = 4; lastKnownFileType = sourcecode.c.h; path = PrefixHeader.pch; sourceTree = "<group>"; };
		04B97C5B2181A61900AD7C42 /* FSController14.h */ = {isa = PBXFileReference; lastKnownFileType = sourcecode.c.h; path = FSController14.h; sourceTree = "<group>"; };
		04B97C5C2181A61900AD7C42 /* FSController14.m */ = {isa = PBXFileReference; lastKnownFileType = sourcecode.c.objc; path = FSController14.m; sourceTree = "<group>"; };
		04B97C5E2181A82100AD7C42 /* FSOperation.h */ = {isa = PBXFileReference; lastKnownFileType = sourcecode.c.h; path = FSOperation.h; sourceTree = "<group>"; };
		04B97C5F2181A82100AD7C42 /* FSOperation.m */ = {isa = PBXFileReference; lastKnownFileType = sourcecode.c.objc; path = FSOperation.m; sourceTree = "<group>"; };
		04EC2D8621707C4300CFE828 /* FMDatabase.h */ = {isa = PBXFileReference; fileEncoding = 4; lastKnownFileType = sourcecode.c.h; path = FMDatabase.h; sourceTree = "<group>"; };
		04EC2D8721707C4300CFE828 /* FMDatabaseQueue.m */ = {isa = PBXFileReference; fileEncoding = 4; lastKnownFileType = sourcecode.c.objc; path = FMDatabaseQueue.m; sourceTree = "<group>"; };
		04EC2D8821707C4300CFE828 /* FMResultSet.h */ = {isa = PBXFileReference; fileEncoding = 4; lastKnownFileType = sourcecode.c.h; path = FMResultSet.h; sourceTree = "<group>"; };
		04EC2D8921707C4300CFE828 /* FMDatabasePool.h */ = {isa = PBXFileReference; fileEncoding = 4; lastKnownFileType = sourcecode.c.h; path = FMDatabasePool.h; sourceTree = "<group>"; };
		04EC2D8A21707C4300CFE828 /* FMDatabaseAdditions.m */ = {isa = PBXFileReference; fileEncoding = 4; lastKnownFileType = sourcecode.c.objc; path = FMDatabaseAdditions.m; sourceTree = "<group>"; };
		04EC2D8B21707C4300CFE828 /* FMDatabase.m */ = {isa = PBXFileReference; fileEncoding = 4; lastKnownFileType = sourcecode.c.objc; path = FMDatabase.m; sourceTree = "<group>"; };
		04EC2D8C21707C4300CFE828 /* FMDatabaseQueue.h */ = {isa = PBXFileReference; fileEncoding = 4; lastKnownFileType = sourcecode.c.h; path = FMDatabaseQueue.h; sourceTree = "<group>"; };
		04EC2D8D21707C4300CFE828 /* FMDB.h */ = {isa = PBXFileReference; fileEncoding = 4; lastKnownFileType = sourcecode.c.h; path = FMDB.h; sourceTree = "<group>"; };
		04EC2D8E21707C4300CFE828 /* FMDatabaseAdditions.h */ = {isa = PBXFileReference; fileEncoding = 4; lastKnownFileType = sourcecode.c.h; path = FMDatabaseAdditions.h; sourceTree = "<group>"; };
		04EC2D8F21707C4300CFE828 /* FMDatabasePool.m */ = {isa = PBXFileReference; fileEncoding = 4; lastKnownFileType = sourcecode.c.objc; path = FMDatabasePool.m; sourceTree = "<group>"; };
		04EC2D9021707C4300CFE828 /* FMResultSet.m */ = {isa = PBXFileReference; fileEncoding = 4; lastKnownFileType = sourcecode.c.objc; path = FMResultSet.m; sourceTree = "<group>"; };
		04EC2D9121707C4300CFE828 /* Info.plist */ = {isa = PBXFileReference; fileEncoding = 4; lastKnownFileType = text.plist.xml; path = Info.plist; sourceTree = "<group>"; };
		04EC2DA82170813A00CFE828 /* FSRoleDBManager.h */ = {isa = PBXFileReference; lastKnownFileType = sourcecode.c.h; path = FSRoleDBManager.h; sourceTree = "<group>"; };
		04EC2DA92170813A00CFE828 /* FSRoleDBManager.m */ = {isa = PBXFileReference; lastKnownFileType = sourcecode.c.objc; path = FSRoleDBManager.m; sourceTree = "<group>"; };
		04EC2DAD217085E200CFE828 /* FSPerson.m */ = {isa = PBXFileReference; fileEncoding = 4; lastKnownFileType = sourcecode.c.objc; path = FSPerson.m; sourceTree = "<group>"; };
		04EC2DAE217085E200CFE828 /* FSDog.h */ = {isa = PBXFileReference; fileEncoding = 4; lastKnownFileType = sourcecode.c.h; path = FSDog.h; sourceTree = "<group>"; };
		04EC2DAF217085E200CFE828 /* FSCar.h */ = {isa = PBXFileReference; fileEncoding = 4; lastKnownFileType = sourcecode.c.h; path = FSCar.h; sourceTree = "<group>"; };
		04EC2DB0217085E200CFE828 /* FSBook.h */ = {isa = PBXFileReference; fileEncoding = 4; lastKnownFileType = sourcecode.c.h; path = FSBook.h; sourceTree = "<group>"; };
		04EC2DB1217085E200CFE828 /* FSCar.m */ = {isa = PBXFileReference; fileEncoding = 4; lastKnownFileType = sourcecode.c.objc; path = FSCar.m; sourceTree = "<group>"; };
		04EC2DB2217085E200CFE828 /* FSDog.m */ = {isa = PBXFileReference; fileEncoding = 4; lastKnownFileType = sourcecode.c.objc; path = FSDog.m; sourceTree = "<group>"; };
		04EC2DB3217085E200CFE828 /* FSPerson.h */ = {isa = PBXFileReference; fileEncoding = 4; lastKnownFileType = sourcecode.c.h; path = FSPerson.h; sourceTree = "<group>"; };
		04EC2DB4217085E200CFE828 /* FSBook.m */ = {isa = PBXFileReference; fileEncoding = 4; lastKnownFileType = sourcecode.c.objc; path = FSBook.m; sourceTree = "<group>"; };
		04EC2DB921708CE600CFE828 /* FS11PersonController.h */ = {isa = PBXFileReference; lastKnownFileType = sourcecode.c.h; path = FS11PersonController.h; sourceTree = "<group>"; };
		04EC2DBA21708CE600CFE828 /* FS11PersonController.m */ = {isa = PBXFileReference; lastKnownFileType = sourcecode.c.objc; path = FS11PersonController.m; sourceTree = "<group>"; };
		04EC2DBD21708F0700CFE828 /* UIView+Frame.h */ = {isa = PBXFileReference; lastKnownFileType = sourcecode.c.h; path = "UIView+Frame.h"; sourceTree = "<group>"; };
		04EC2DBE21708F0700CFE828 /* UIView+Frame.m */ = {isa = PBXFileReference; lastKnownFileType = sourcecode.c.objc; path = "UIView+Frame.m"; sourceTree = "<group>"; };
		04EC2DC02170A4BC00CFE828 /* FSBaseData.h */ = {isa = PBXFileReference; lastKnownFileType = sourcecode.c.h; path = FSBaseData.h; sourceTree = "<group>"; };
		04EC2DC12170A4BC00CFE828 /* FSBaseData.m */ = {isa = PBXFileReference; lastKnownFileType = sourcecode.c.objc; path = FSBaseData.m; sourceTree = "<group>"; };
		04EC2DC3217325B100CFE828 /* NSDictionary+JSON.h */ = {isa = PBXFileReference; lastKnownFileType = sourcecode.c.h; path = "NSDictionary+JSON.h"; sourceTree = "<group>"; };
		04EC2DC4217325B100CFE828 /* NSDictionary+JSON.m */ = {isa = PBXFileReference; lastKnownFileType = sourcecode.c.objc; path = "NSDictionary+JSON.m"; sourceTree = "<group>"; };
		04EC2DC6217326D900CFE828 /* NSString+JSON.h */ = {isa = PBXFileReference; lastKnownFileType = sourcecode.c.h; path = "NSString+JSON.h"; sourceTree = "<group>"; };
		04EC2DC7217326D900CFE828 /* NSString+JSON.m */ = {isa = PBXFileReference; lastKnownFileType = sourcecode.c.objc; path = "NSString+JSON.m"; sourceTree = "<group>"; };
		04EC2DC9217340B200CFE828 /* NSArray+JSON.h */ = {isa = PBXFileReference; lastKnownFileType = sourcecode.c.h; path = "NSArray+JSON.h"; sourceTree = "<group>"; };
		04EC2DCA217340B200CFE828 /* NSArray+JSON.m */ = {isa = PBXFileReference; lastKnownFileType = sourcecode.c.objc; path = "NSArray+JSON.m"; sourceTree = "<group>"; };
		04EC2DCC2173496900CFE828 /* NSData+JSON.h */ = {isa = PBXFileReference; lastKnownFileType = sourcecode.c.h; path = "NSData+JSON.h"; sourceTree = "<group>"; };
		04EC2DCD2173496900CFE828 /* NSData+JSON.m */ = {isa = PBXFileReference; lastKnownFileType = sourcecode.c.objc; path = "NSData+JSON.m"; sourceTree = "<group>"; };
		04EC2DCF2174315D00CFE828 /* FSiOSAppDemo.entitlements */ = {isa = PBXFileReference; lastKnownFileType = text.plist.entitlements; path = FSiOSAppDemo.entitlements; sourceTree = "<group>"; };
		04EC2DD021743A7000CFE828 /* FSController12.h */ = {isa = PBXFileReference; lastKnownFileType = sourcecode.c.h; path = FSController12.h; sourceTree = "<group>"; };
		04EC2DD121743A7000CFE828 /* FSController12.m */ = {isa = PBXFileReference; lastKnownFileType = sourcecode.c.objc; path = FSController12.m; sourceTree = "<group>"; };
/* End PBXFileReference section */

/* Begin PBXFrameworksBuildPhase section */
		040506EA212A9608009A739C /* Frameworks */ = {
			isa = PBXFrameworksBuildPhase;
			buildActionMask = 2147483647;
			files = (
				046080EE21788E0D003453ED /* SMTPLibrary.framework in Frameworks */,
				046080BF217875DA003453ED /* CFNetwork.framework in Frameworks */,
			);
			runOnlyForDeploymentPostprocessing = 0;
		};
		04050702212A9609009A739C /* Frameworks */ = {
			isa = PBXFrameworksBuildPhase;
			buildActionMask = 2147483647;
			files = (
			);
			runOnlyForDeploymentPostprocessing = 0;
		};
		0405070D212A9609009A739C /* Frameworks */ = {
			isa = PBXFrameworksBuildPhase;
			buildActionMask = 2147483647;
			files = (
			);
			runOnlyForDeploymentPostprocessing = 0;
		};
/* End PBXFrameworksBuildPhase section */

/* Begin PBXGroup section */
		040506E4212A9608009A739C = {
			isa = PBXGroup;
			children = (
				040506EF212A9608009A739C /* FSiOSAppDemo */,
				04050708212A9609009A739C /* FSiOSAppDemoTests */,
				04050713212A9609009A739C /* FSiOSAppDemoUITests */,
				040506EE212A9608009A739C /* Products */,
				046080BD217875D9003453ED /* Frameworks */,
			);
			sourceTree = "<group>";
		};
		040506EE212A9608009A739C /* Products */ = {
			isa = PBXGroup;
			children = (
				040506ED212A9608009A739C /* FSiOSAppDemo.app */,
				04050705212A9609009A739C /* FSiOSAppDemoTests.xctest */,
				04050710212A9609009A739C /* FSiOSAppDemoUITests.xctest */,
			);
			name = Products;
			sourceTree = "<group>";
		};
		040506EF212A9608009A739C /* FSiOSAppDemo */ = {
			isa = PBXGroup;
			children = (
				040506F0212A9608009A739C /* AppDelegate.h */,
				040506F1212A9608009A739C /* AppDelegate.m */,
				046BC5F42175AC3D00C8D84A /* Blog */,
				04EC2DBC21708EF000CFE828 /* Categary */,
				04521C04214B538A003149A0 /* Controllers */,
				04050722212A962A009A739C /* FSBaseView.h */,
				04050723212A962A009A739C /* FSBaseView.m */,
				0405072C212A9F9E009A739C /* FSBaseView+Sen.h */,
				0405072E212AA085009A739C /* FSBaseView+TableView.m */,
				04EC2DCF2174315D00CFE828 /* FSiOSAppDemo.entitlements */,
				04521C01214A53A0003149A0 /* FSView.h */,
				04521C02214A53A0003149A0 /* FSView.m */,
				04EC2D8421707C1600CFE828 /* Library */,
				04521C28214BA761003149A0 /* Other */,
				04521C24214BA6FF003149A0 /* Root */,
				04521C3E214BA817003149A0 /* SupportFiles */,
				046BC6052176F2A300C8D84A /* Test */,
			);
			path = FSiOSAppDemo;
			sourceTree = "<group>";
		};
		04050708212A9609009A739C /* FSiOSAppDemoTests */ = {
			isa = PBXGroup;
			children = (
				04050709212A9609009A739C /* FSiOSAppDemoTests.m */,
				0405070B212A9609009A739C /* Info.plist */,
			);
			path = FSiOSAppDemoTests;
			sourceTree = "<group>";
		};
		04050713212A9609009A739C /* FSiOSAppDemoUITests */ = {
			isa = PBXGroup;
			children = (
				04050714212A9609009A739C /* FSiOSAppDemoUITests.m */,
				04050716212A9609009A739C /* Info.plist */,
			);
			path = FSiOSAppDemoUITests;
			sourceTree = "<group>";
		};
		04498136215CC1AC005C0D28 /* FSController10 */ = {
			isa = PBXGroup;
			children = (
				04498137215CC1AC005C0D28 /* FSController10.h */,
				04498138215CC1AC005C0D28 /* FSController10.m */,
				0449813A215CC1D4005C0D28 /* FS10CollectionViewCell.h */,
				0449813B215CC1D4005C0D28 /* FS10CollectionViewCell.m */,
				0449813D215CD1BE005C0D28 /* FS10ColletionItem.h */,
				0449813E215CD1BE005C0D28 /* FS10ColletionItem.m */,
			);
			path = FSController10;
			sourceTree = "<group>";
		};
		04521C04214B538A003149A0 /* Controllers */ = {
			isa = PBXGroup;
			children = (
				04521C0B214B5791003149A0 /* FSBaseViewController.h */,
				04521C0C214B5791003149A0 /* FSBaseViewController.m */,
				04521C08214B53F0003149A0 /* FSController01.h */,
				04521C09214B53F0003149A0 /* FSController01.m */,
				04521C0E214B5875003149A0 /* FSController02.h */,
				04521C0F214B5875003149A0 /* FSController02.m */,
				04521C11214B5945003149A0 /* FSController03.h */,
				04521C12214B5945003149A0 /* FSController03.m */,
				04521C1A214B7CF2003149A0 /* FSController04 */,
				04521C17214B5FD1003149A0 /* FSController05.h */,
				04521C18214B5FD1003149A0 /* FSController05.m */,
				04521C46214BB147003149A0 /* FSController06.h */,
				04521C47214BB147003149A0 /* FSController06.m */,
				04521C4C214E083D003149A0 /* FSController07 */,
				047EFC20215697750013297A /* FSController08.h */,
				047EFC21215697750013297A /* FSController08.m */,
				046FFB212157A9DE00FE81D6 /* FSController09.h */,
				046FFB222157A9DE00FE81D6 /* FSController09.m */,
				04498136215CC1AC005C0D28 /* FSController10 */,
				04AC7ACF215E26980018B29D /* FSController11 */,
				04EC2DD021743A7000CFE828 /* FSController12.h */,
				04EC2DD121743A7000CFE828 /* FSController12.m */,
				046BD044217833DC00C8D84A /* FSController13.h */,
				046BD045217833DC00C8D84A /* FSController13.m */,
				04B97C5A2181A5F100AD7C42 /* FSController14 */,
			);
			path = Controllers;
			sourceTree = "<group>";
		};
		04521C1A214B7CF2003149A0 /* FSController04 */ = {
			isa = PBXGroup;
			children = (
				04521C1B214B7CF2003149A0 /* FSController04.h */,
				04521C1C214B7CF2003149A0 /* FSController04.m */,
				04521C1E214B7D12003149A0 /* FSPopoverContainer.h */,
				04521C1F214B7D12003149A0 /* FSPopoverContainer.m */,
				04521C21214B7D95003149A0 /* FSPresentationController.h */,
				04521C22214B7D95003149A0 /* FSPresentationController.m */,
			);
			path = FSController04;
			sourceTree = "<group>";
		};
		04521C24214BA6FF003149A0 /* Root */ = {
			isa = PBXGroup;
			children = (
				04521C26214BA6FF003149A0 /* ViewController.h */,
				04521C25214BA6FF003149A0 /* ViewController.m */,
				04521C43214BA8B6003149A0 /* FSNavigationController.h */,
				04521C44214BA8B6003149A0 /* FSNavigationController.m */,
			);
			path = Root;
			sourceTree = "<group>";
		};
		04521C28214BA761003149A0 /* Other */ = {
			isa = PBXGroup;
			children = (
				04521C29214BA761003149A0 /* Assets.xcassets */,
				04521C2A214BA761003149A0 /* LaunchScreen.storyboard */,
				04521C2C214BA761003149A0 /* Main.storyboard */,
				04521C2E214BA761003149A0 /* InfoPlist.strings */,
				04521C31214BA761003149A0 /* File.strings */,
				04498053215A2BB7005C0D28 /* Settings.bundle */,
			);
			path = Other;
			sourceTree = "<group>";
		};
		04521C3E214BA817003149A0 /* SupportFiles */ = {
			isa = PBXGroup;
			children = (
				04B70511214E4AC300A77DA7 /* PrefixHeader.pch */,
				04521C3F214BA84C003149A0 /* Info.plist */,
				04521C40214BA84C003149A0 /* main.m */,
			);
			name = SupportFiles;
			sourceTree = "<group>";
		};
		04521C4C214E083D003149A0 /* FSController07 */ = {
			isa = PBXGroup;
			children = (
				04521C4D214E083D003149A0 /* FSController07.h */,
				04521C4E214E083D003149A0 /* FSController07.m */,
				04521C50214E084A003149A0 /* FSMasterController.h */,
				04521C51214E084A003149A0 /* FSMasterController.m */,
				044980F2215B8A34005C0D28 /* FSMasterSearchResultController.h */,
				044980F3215B8A34005C0D28 /* FSMasterSearchResultController.m */,
				04521C53214E085B003149A0 /* FSDetailController01.h */,
				04521C54214E085B003149A0 /* FSDetailController01.m */,
				04521C5C214E1CA2003149A0 /* FSRoundedCornerCell.h */,
				04521C5D214E1CA2003149A0 /* FSRoundedCornerCell.m */,
				04521C56214E0868003149A0 /* FSDetailController02.h */,
				04521C57214E0868003149A0 /* FSDetailController02.m */,
				04521C59214E0875003149A0 /* FSDetailController03.h */,
				04521C5A214E0875003149A0 /* FSDetailController03.m */,
			);
			path = FSController07;
			sourceTree = "<group>";
		};
		046080AD217870F4003453ED /* SMTPLibrary */ = {
			isa = PBXGroup;
			children = (
				046080B1217870F4003453ED /* Base64Transcoder.h */,
				046080B6217870F4003453ED /* Base64Transcoder.m */,
				046080B2217870F4003453ED /* HSK_CFUtilities.h */,
				046080B7217870F4003453ED /* HSK_CFUtilities.m */,
				046080AE217870F4003453ED /* NSData+Base64Additions.h */,
				046080B5217870F4003453ED /* NSData+Base64Additions.m */,
				046080B4217870F4003453ED /* NSStream+SKPSMTPExtensions.h */,
				046080AF217870F4003453ED /* NSStream+SKPSMTPExtensions.m */,
				046080B0217870F4003453ED /* SKPSMTPMessage.h */,
				046080B3217870F4003453ED /* SKPSMTPMessage.m */,
			);
			path = SMTPLibrary;
			sourceTree = "<group>";
		};
		046080BD217875D9003453ED /* Frameworks */ = {
			isa = PBXGroup;
			children = (
				046080BE217875DA003453ED /* CFNetwork.framework */,
			);
			name = Frameworks;
			sourceTree = "<group>";
		};
		046BC5F42175AC3D00C8D84A /* Blog */ = {
			isa = PBXGroup;
			children = (
				046BC5F52175ACAF00C8D84A /* NotificationPayload.apns */,
				046BC5F72175AD7100C8D84A /* Directions.geojson */,
			);
			path = Blog;
			sourceTree = "<group>";
		};
		046BC6052176F2A300C8D84A /* Test */ = {
			isa = PBXGroup;
			children = (
				046BC6062176F2C300C8D84A /* FSBitImage.h */,
				046BC6072176F2C300C8D84A /* FSBitImage.m */,
				046BC6092176FDAE00C8D84A /* FSPixel.h */,
				046BC60A2176FDAE00C8D84A /* FSPixel.m */,
			);
			path = Test;
			sourceTree = "<group>";
		};
		04AC7ACF215E26980018B29D /* FSController11 */ = {
			isa = PBXGroup;
			children = (
				04AC7AD0215E26B40018B29D /* FSController11.h */,
				04AC7AD1215E26B40018B29D /* FSController11.m */,
				04EC2DB921708CE600CFE828 /* FS11PersonController.h */,
				04EC2DBA21708CE600CFE828 /* FS11PersonController.m */,
				04EC2DA82170813A00CFE828 /* FSRoleDBManager.h */,
				04EC2DA92170813A00CFE828 /* FSRoleDBManager.m */,
				04EC2D9821707CF400CFE828 /* Model */,
			);
			path = FSController11;
			sourceTree = "<group>";
		};
		04B97C5A2181A5F100AD7C42 /* FSController14 */ = {
			isa = PBXGroup;
			children = (
				04B97C5B2181A61900AD7C42 /* FSController14.h */,
				04B97C5C2181A61900AD7C42 /* FSController14.m */,
				04B97C5E2181A82100AD7C42 /* FSOperation.h */,
				04B97C5F2181A82100AD7C42 /* FSOperation.m */,
			);
			path = FSController14;
			sourceTree = "<group>";
		};
		04EC2D8421707C1600CFE828 /* Library */ = {
			isa = PBXGroup;
			children = (
				046080ED21788E0D003453ED /* SMTPLibrary.framework */,
				046080AD217870F4003453ED /* SMTPLibrary */,
				04EC2D8521707C4300CFE828 /* fmdb */,
			);
			path = Library;
			sourceTree = "<group>";
		};
		04EC2D8521707C4300CFE828 /* fmdb */ = {
			isa = PBXGroup;
			children = (
				04EC2D8621707C4300CFE828 /* FMDatabase.h */,
				04EC2D8B21707C4300CFE828 /* FMDatabase.m */,
				04EC2D8E21707C4300CFE828 /* FMDatabaseAdditions.h */,
				04EC2D8A21707C4300CFE828 /* FMDatabaseAdditions.m */,
				04EC2D8921707C4300CFE828 /* FMDatabasePool.h */,
				04EC2D8F21707C4300CFE828 /* FMDatabasePool.m */,
				04EC2D8C21707C4300CFE828 /* FMDatabaseQueue.h */,
				04EC2D8721707C4300CFE828 /* FMDatabaseQueue.m */,
				04EC2D8D21707C4300CFE828 /* FMDB.h */,
				04EC2D8821707C4300CFE828 /* FMResultSet.h */,
				04EC2D9021707C4300CFE828 /* FMResultSet.m */,
				04EC2D9121707C4300CFE828 /* Info.plist */,
			);
			path = fmdb;
			sourceTree = "<group>";
		};
		04EC2D9821707CF400CFE828 /* Model */ = {
			isa = PBXGroup;
			children = (
				04EC2DAB217085E200CFE828 /* Company */,
				04EC2DC02170A4BC00CFE828 /* FSBaseData.h */,
				04EC2DC12170A4BC00CFE828 /* FSBaseData.m */,
				04EC2DAC217085E200CFE828 /* Person */,
			);
			path = Model;
			sourceTree = "<group>";
		};
		04EC2DAB217085E200CFE828 /* Company */ = {
			isa = PBXGroup;
			children = (
			);
			path = Company;
			sourceTree = "<group>";
		};
		04EC2DAC217085E200CFE828 /* Person */ = {
			isa = PBXGroup;
			children = (
				04EC2DB0217085E200CFE828 /* FSBook.h */,
				04EC2DB4217085E200CFE828 /* FSBook.m */,
				04EC2DAF217085E200CFE828 /* FSCar.h */,
				04EC2DB1217085E200CFE828 /* FSCar.m */,
				04EC2DAE217085E200CFE828 /* FSDog.h */,
				04EC2DB2217085E200CFE828 /* FSDog.m */,
				04EC2DB3217085E200CFE828 /* FSPerson.h */,
				04EC2DAD217085E200CFE828 /* FSPerson.m */,
			);
			path = Person;
			sourceTree = "<group>";
		};
		04EC2DBC21708EF000CFE828 /* Categary */ = {
			isa = PBXGroup;
			children = (
				04EC2DBD21708F0700CFE828 /* UIView+Frame.h */,
				04EC2DBE21708F0700CFE828 /* UIView+Frame.m */,
				04EC2DC3217325B100CFE828 /* NSDictionary+JSON.h */,
				04EC2DC4217325B100CFE828 /* NSDictionary+JSON.m */,
				04EC2DC6217326D900CFE828 /* NSString+JSON.h */,
				04EC2DC7217326D900CFE828 /* NSString+JSON.m */,
				04EC2DC9217340B200CFE828 /* NSArray+JSON.h */,
				04EC2DCA217340B200CFE828 /* NSArray+JSON.m */,
				04EC2DCC2173496900CFE828 /* NSData+JSON.h */,
				04EC2DCD2173496900CFE828 /* NSData+JSON.m */,
			);
			path = Categary;
			sourceTree = "<group>";
		};
/* End PBXGroup section */

/* Begin PBXNativeTarget section */
		040506EC212A9608009A739C /* FSiOSAppDemo */ = {
			isa = PBXNativeTarget;
			buildConfigurationList = 04050719212A9609009A739C /* Build configuration list for PBXNativeTarget "FSiOSAppDemo" */;
			buildPhases = (
				040506E9212A9608009A739C /* Sources */,
				040506EA212A9608009A739C /* Frameworks */,
				040506EB212A9608009A739C /* Resources */,
			);
			buildRules = (
			);
			dependencies = (
			);
			name = FSiOSAppDemo;
			productName = FSiOSAppDemo;
			productReference = 040506ED212A9608009A739C /* FSiOSAppDemo.app */;
			productType = "com.apple.product-type.application";
		};
		04050704212A9609009A739C /* FSiOSAppDemoTests */ = {
			isa = PBXNativeTarget;
			buildConfigurationList = 0405071C212A9609009A739C /* Build configuration list for PBXNativeTarget "FSiOSAppDemoTests" */;
			buildPhases = (
				04050701212A9609009A739C /* Sources */,
				04050702212A9609009A739C /* Frameworks */,
				04050703212A9609009A739C /* Resources */,
			);
			buildRules = (
			);
			dependencies = (
				04050707212A9609009A739C /* PBXTargetDependency */,
			);
			name = FSiOSAppDemoTests;
			productName = FSiOSAppDemoTests;
			productReference = 04050705212A9609009A739C /* FSiOSAppDemoTests.xctest */;
			productType = "com.apple.product-type.bundle.unit-test";
		};
		0405070F212A9609009A739C /* FSiOSAppDemoUITests */ = {
			isa = PBXNativeTarget;
			buildConfigurationList = 0405071F212A9609009A739C /* Build configuration list for PBXNativeTarget "FSiOSAppDemoUITests" */;
			buildPhases = (
				0405070C212A9609009A739C /* Sources */,
				0405070D212A9609009A739C /* Frameworks */,
				0405070E212A9609009A739C /* Resources */,
			);
			buildRules = (
			);
			dependencies = (
				04050712212A9609009A739C /* PBXTargetDependency */,
			);
			name = FSiOSAppDemoUITests;
			productName = FSiOSAppDemoUITests;
			productReference = 04050710212A9609009A739C /* FSiOSAppDemoUITests.xctest */;
			productType = "com.apple.product-type.bundle.ui-testing";
		};
/* End PBXNativeTarget section */

/* Begin PBXProject section */
		040506E5212A9608009A739C /* Project object */ = {
			isa = PBXProject;
			attributes = {
				LastUpgradeCheck = 0920;
				ORGANIZATIONNAME = "付森";
				TargetAttributes = {
					040506EC212A9608009A739C = {
						CreatedOnToolsVersion = 9.2;
						ProvisioningStyle = Manual;
						SystemCapabilities = {
							com.apple.BackgroundModes = {
								enabled = 0;
							};
							com.apple.iCloud = {
								enabled = 0;
							};
						};
					};
					04050704212A9609009A739C = {
						CreatedOnToolsVersion = 9.2;
						ProvisioningStyle = Automatic;
						TestTargetID = 040506EC212A9608009A739C;
					};
					0405070F212A9609009A739C = {
						CreatedOnToolsVersion = 9.2;
						ProvisioningStyle = Automatic;
						TestTargetID = 040506EC212A9608009A739C;
					};
				};
			};
			buildConfigurationList = 040506E8212A9608009A739C /* Build configuration list for PBXProject "FSiOSAppDemo" */;
			compatibilityVersion = "Xcode 8.0";
			developmentRegion = en;
			hasScannedForEncodings = 0;
			knownRegions = (
				en,
				Base,
			);
			mainGroup = 040506E4212A9608009A739C;
			productRefGroup = 040506EE212A9608009A739C /* Products */;
			projectDirPath = "";
			projectRoot = "";
			targets = (
				040506EC212A9608009A739C /* FSiOSAppDemo */,
				04050704212A9609009A739C /* FSiOSAppDemoTests */,
				0405070F212A9609009A739C /* FSiOSAppDemoUITests */,
			);
		};
/* End PBXProject section */

/* Begin PBXResourcesBuildPhase section */
		040506EB212A9608009A739C /* Resources */ = {
			isa = PBXResourcesBuildPhase;
			buildActionMask = 2147483647;
			files = (
				04EC2D9721707C4300CFE828 /* Info.plist in Resources */,
				046BC5F82175AD7100C8D84A /* Directions.geojson in Resources */,
				04521C34214BA761003149A0 /* Main.storyboard in Resources */,
				04521C38214BA761003149A0 /* File.strings in Resources */,
				04521C33214BA761003149A0 /* LaunchScreen.storyboard in Resources */,
				04521C32214BA761003149A0 /* Assets.xcassets in Resources */,
				04521C35214BA761003149A0 /* InfoPlist.strings in Resources */,
				04521C41214BA84C003149A0 /* Info.plist in Resources */,
				046BC5F62175ACAF00C8D84A /* NotificationPayload.apns in Resources */,
				04498054215A2BB7005C0D28 /* Settings.bundle in Resources */,
			);
			runOnlyForDeploymentPostprocessing = 0;
		};
		04050703212A9609009A739C /* Resources */ = {
			isa = PBXResourcesBuildPhase;
			buildActionMask = 2147483647;
			files = (
			);
			runOnlyForDeploymentPostprocessing = 0;
		};
		0405070E212A9609009A739C /* Resources */ = {
			isa = PBXResourcesBuildPhase;
			buildActionMask = 2147483647;
			files = (
			);
			runOnlyForDeploymentPostprocessing = 0;
		};
/* End PBXResourcesBuildPhase section */

/* Begin PBXSourcesBuildPhase section */
		040506E9212A9608009A739C /* Sources */ = {
			isa = PBXSourcesBuildPhase;
			buildActionMask = 2147483647;
			files = (
				046080BC217870F4003453ED /* HSK_CFUtilities.m in Sources */,
				047EFC22215697750013297A /* FSController08.m in Sources */,
				04521C27214BA6FF003149A0 /* ViewController.m in Sources */,
				04521C5E214E1CA2003149A0 /* FSRoundedCornerCell.m in Sources */,
				04EC2DC8217326D900CFE828 /* NSString+JSON.m in Sources */,
				04521C03214A53A0003149A0 /* FSView.m in Sources */,
				04521C0A214B53F0003149A0 /* FSController01.m in Sources */,
				04EC2D9321707C4300CFE828 /* FMDatabaseAdditions.m in Sources */,
				04EC2D9221707C4300CFE828 /* FMDatabaseQueue.m in Sources */,
				04498139215CC1AC005C0D28 /* FSController10.m in Sources */,
				046080BA217870F4003453ED /* NSData+Base64Additions.m in Sources */,
				044980F4215B8A34005C0D28 /* FSMasterSearchResultController.m in Sources */,
				04EC2DC22170A4BC00CFE828 /* FSBaseData.m in Sources */,
				0405072F212AA085009A739C /* FSBaseView+TableView.m in Sources */,
				04EC2DB6217085E200CFE828 /* FSCar.m in Sources */,
				04521C1D214B7CF3003149A0 /* FSController04.m in Sources */,
				04521C10214B5875003149A0 /* FSController02.m in Sources */,
				04050724212A962A009A739C /* FSBaseView.m in Sources */,
				046BC6082176F2C300C8D84A /* FSBitImage.m in Sources */,
				04521C23214B7D95003149A0 /* FSPresentationController.m in Sources */,
				04AC7AD2215E26B40018B29D /* FSController11.m in Sources */,
				04EC2D9421707C4300CFE828 /* FMDatabase.m in Sources */,
				04EC2D9521707C4300CFE828 /* FMDatabasePool.m in Sources */,
				04521C4F214E083D003149A0 /* FSController07.m in Sources */,
				04521C13214B5945003149A0 /* FSController03.m in Sources */,
				04521C42214BA84C003149A0 /* main.m in Sources */,
				04521C5B214E0875003149A0 /* FSDetailController03.m in Sources */,
				04EC2DC5217325B100CFE828 /* NSDictionary+JSON.m in Sources */,
				046080BB217870F4003453ED /* Base64Transcoder.m in Sources */,
				046080B9217870F4003453ED /* SKPSMTPMessage.m in Sources */,
				04EC2DB5217085E200CFE828 /* FSPerson.m in Sources */,
				04521C58214E0868003149A0 /* FSDetailController02.m in Sources */,
				046BD046217833DC00C8D84A /* FSController13.m in Sources */,
				046FFB232157A9DE00FE81D6 /* FSController09.m in Sources */,
				04EC2DD221743A7000CFE828 /* FSController12.m in Sources */,
				04521C19214B5FD1003149A0 /* FSController05.m in Sources */,
				04521C45214BA8B6003149A0 /* FSNavigationController.m in Sources */,
				04EC2DCE2173496900CFE828 /* NSData+JSON.m in Sources */,
				046BC60B2176FDAE00C8D84A /* FSPixel.m in Sources */,
				04521C20214B7D12003149A0 /* FSPopoverContainer.m in Sources */,
				04EC2DCB217340B200CFE828 /* NSArray+JSON.m in Sources */,
				04EC2DAA2170813A00CFE828 /* FSRoleDBManager.m in Sources */,
				04521C0D214B5791003149A0 /* FSBaseViewController.m in Sources */,
				04EC2DB8217085E200CFE828 /* FSBook.m in Sources */,
				04EC2DBB21708CE600CFE828 /* FS11PersonController.m in Sources */,
				04521C48214BB147003149A0 /* FSController06.m in Sources */,
				04521C55214E085B003149A0 /* FSDetailController01.m in Sources */,
				0449813F215CD1BE005C0D28 /* FS10ColletionItem.m in Sources */,
				04B97C602181A82100AD7C42 /* FSOperation.m in Sources */,
				04EC2DBF21708F0700CFE828 /* UIView+Frame.m in Sources */,
				04EC2D9621707C4300CFE828 /* FMResultSet.m in Sources */,
				04521C52214E084A003149A0 /* FSMasterController.m in Sources */,
				040506F2212A9608009A739C /* AppDelegate.m in Sources */,
				046080B8217870F4003453ED /* NSStream+SKPSMTPExtensions.m in Sources */,
				04B97C5D2181A61900AD7C42 /* FSController14.m in Sources */,
				0449813C215CC1D4005C0D28 /* FS10CollectionViewCell.m in Sources */,
				04EC2DB7217085E200CFE828 /* FSDog.m in Sources */,
			);
			runOnlyForDeploymentPostprocessing = 0;
		};
		04050701212A9609009A739C /* Sources */ = {
			isa = PBXSourcesBuildPhase;
			buildActionMask = 2147483647;
			files = (
				0405070A212A9609009A739C /* FSiOSAppDemoTests.m in Sources */,
			);
			runOnlyForDeploymentPostprocessing = 0;
		};
		0405070C212A9609009A739C /* Sources */ = {
			isa = PBXSourcesBuildPhase;
			buildActionMask = 2147483647;
			files = (
				04050715212A9609009A739C /* FSiOSAppDemoUITests.m in Sources */,
			);
			runOnlyForDeploymentPostprocessing = 0;
		};
/* End PBXSourcesBuildPhase section */

/* Begin PBXTargetDependency section */
		04050707212A9609009A739C /* PBXTargetDependency */ = {
			isa = PBXTargetDependency;
			target = 040506EC212A9608009A739C /* FSiOSAppDemo */;
			targetProxy = 04050706212A9609009A739C /* PBXContainerItemProxy */;
		};
		04050712212A9609009A739C /* PBXTargetDependency */ = {
			isa = PBXTargetDependency;
			target = 040506EC212A9608009A739C /* FSiOSAppDemo */;
			targetProxy = 04050711212A9609009A739C /* PBXContainerItemProxy */;
		};
/* End PBXTargetDependency section */

/* Begin PBXVariantGroup section */
		04521C2A214BA761003149A0 /* LaunchScreen.storyboard */ = {
			isa = PBXVariantGroup;
			children = (
				04521C2B214BA761003149A0 /* Base */,
			);
			name = LaunchScreen.storyboard;
			sourceTree = "<group>";
		};
		04521C2C214BA761003149A0 /* Main.storyboard */ = {
			isa = PBXVariantGroup;
			children = (
				04521C2D214BA761003149A0 /* Base */,
			);
			name = Main.storyboard;
			sourceTree = "<group>";
		};
/* End PBXVariantGroup section */

/* Begin XCBuildConfiguration section */
		04050717212A9609009A739C /* Debug */ = {
			isa = XCBuildConfiguration;
			buildSettings = {
				ALWAYS_SEARCH_USER_PATHS = NO;
				CLANG_ANALYZER_NONNULL = YES;
				CLANG_ANALYZER_NUMBER_OBJECT_CONVERSION = YES_AGGRESSIVE;
				CLANG_CXX_LANGUAGE_STANDARD = "gnu++14";
				CLANG_CXX_LIBRARY = "libc++";
				CLANG_ENABLE_MODULES = YES;
				CLANG_ENABLE_OBJC_ARC = YES;
				CLANG_WARN_BLOCK_CAPTURE_AUTORELEASING = YES;
				CLANG_WARN_BOOL_CONVERSION = YES;
				CLANG_WARN_COMMA = YES;
				CLANG_WARN_CONSTANT_CONVERSION = YES;
				CLANG_WARN_DIRECT_OBJC_ISA_USAGE = YES_ERROR;
				CLANG_WARN_DOCUMENTATION_COMMENTS = YES;
				CLANG_WARN_EMPTY_BODY = YES;
				CLANG_WARN_ENUM_CONVERSION = YES;
				CLANG_WARN_INFINITE_RECURSION = YES;
				CLANG_WARN_INT_CONVERSION = YES;
				CLANG_WARN_NON_LITERAL_NULL_CONVERSION = YES;
				CLANG_WARN_OBJC_LITERAL_CONVERSION = YES;
				CLANG_WARN_OBJC_ROOT_CLASS = YES_ERROR;
				CLANG_WARN_RANGE_LOOP_ANALYSIS = YES;
				CLANG_WARN_STRICT_PROTOTYPES = YES;
				CLANG_WARN_SUSPICIOUS_MOVE = YES;
				CLANG_WARN_UNGUARDED_AVAILABILITY = YES_AGGRESSIVE;
				CLANG_WARN_UNREACHABLE_CODE = YES;
				CLANG_WARN__DUPLICATE_METHOD_MATCH = YES;
				CODE_SIGN_IDENTITY = "iPhone Developer";
				COPY_PHASE_STRIP = NO;
				DEBUG_INFORMATION_FORMAT = dwarf;
				ENABLE_STRICT_OBJC_MSGSEND = YES;
				ENABLE_TESTABILITY = YES;
				GCC_C_LANGUAGE_STANDARD = gnu11;
				GCC_DYNAMIC_NO_PIC = NO;
				GCC_NO_COMMON_BLOCKS = YES;
				GCC_OPTIMIZATION_LEVEL = 0;
				GCC_PREPROCESSOR_DEFINITIONS = (
					"DEBUG=1",
					"$(inherited)",
				);
				GCC_WARN_64_TO_32_BIT_CONVERSION = YES;
				GCC_WARN_ABOUT_RETURN_TYPE = YES_ERROR;
				GCC_WARN_UNDECLARED_SELECTOR = YES;
				GCC_WARN_UNINITIALIZED_AUTOS = YES_AGGRESSIVE;
				GCC_WARN_UNUSED_FUNCTION = YES;
				GCC_WARN_UNUSED_VARIABLE = YES;
				IPHONEOS_DEPLOYMENT_TARGET = 11.2;
				MTL_ENABLE_DEBUG_INFO = YES;
				ONLY_ACTIVE_ARCH = YES;
				SDKROOT = iphoneos;
			};
			name = Debug;
		};
		04050718212A9609009A739C /* Release */ = {
			isa = XCBuildConfiguration;
			buildSettings = {
				ALWAYS_SEARCH_USER_PATHS = NO;
				CLANG_ANALYZER_NONNULL = YES;
				CLANG_ANALYZER_NUMBER_OBJECT_CONVERSION = YES_AGGRESSIVE;
				CLANG_CXX_LANGUAGE_STANDARD = "gnu++14";
				CLANG_CXX_LIBRARY = "libc++";
				CLANG_ENABLE_MODULES = YES;
				CLANG_ENABLE_OBJC_ARC = YES;
				CLANG_WARN_BLOCK_CAPTURE_AUTORELEASING = YES;
				CLANG_WARN_BOOL_CONVERSION = YES;
				CLANG_WARN_COMMA = YES;
				CLANG_WARN_CONSTANT_CONVERSION = YES;
				CLANG_WARN_DIRECT_OBJC_ISA_USAGE = YES_ERROR;
				CLANG_WARN_DOCUMENTATION_COMMENTS = YES;
				CLANG_WARN_EMPTY_BODY = YES;
				CLANG_WARN_ENUM_CONVERSION = YES;
				CLANG_WARN_INFINITE_RECURSION = YES;
				CLANG_WARN_INT_CONVERSION = YES;
				CLANG_WARN_NON_LITERAL_NULL_CONVERSION = YES;
				CLANG_WARN_OBJC_LITERAL_CONVERSION = YES;
				CLANG_WARN_OBJC_ROOT_CLASS = YES_ERROR;
				CLANG_WARN_RANGE_LOOP_ANALYSIS = YES;
				CLANG_WARN_STRICT_PROTOTYPES = YES;
				CLANG_WARN_SUSPICIOUS_MOVE = YES;
				CLANG_WARN_UNGUARDED_AVAILABILITY = YES_AGGRESSIVE;
				CLANG_WARN_UNREACHABLE_CODE = YES;
				CLANG_WARN__DUPLICATE_METHOD_MATCH = YES;
				CODE_SIGN_IDENTITY = "iPhone Developer";
				COPY_PHASE_STRIP = NO;
				DEBUG_INFORMATION_FORMAT = "dwarf-with-dsym";
				ENABLE_NS_ASSERTIONS = NO;
				ENABLE_STRICT_OBJC_MSGSEND = YES;
				GCC_C_LANGUAGE_STANDARD = gnu11;
				GCC_NO_COMMON_BLOCKS = YES;
				GCC_WARN_64_TO_32_BIT_CONVERSION = YES;
				GCC_WARN_ABOUT_RETURN_TYPE = YES_ERROR;
				GCC_WARN_UNDECLARED_SELECTOR = YES;
				GCC_WARN_UNINITIALIZED_AUTOS = YES_AGGRESSIVE;
				GCC_WARN_UNUSED_FUNCTION = YES;
				GCC_WARN_UNUSED_VARIABLE = YES;
				IPHONEOS_DEPLOYMENT_TARGET = 11.2;
				MTL_ENABLE_DEBUG_INFO = NO;
				SDKROOT = iphoneos;
				VALIDATE_PRODUCT = YES;
			};
			name = Release;
		};
		0405071A212A9609009A739C /* Debug */ = {
			isa = XCBuildConfiguration;
			buildSettings = {
				ARCHS = (
					"$(ARCHS_STANDARD)",
					armv7s,
				);
				ASSETCATALOG_COMPILER_APPICON_NAME = AppIcon;
				CODE_SIGN_STYLE = Manual;
				DEVELOPMENT_TEAM = U72R3QQ45L;
				FRAMEWORK_SEARCH_PATHS = (
					"$(inherited)",
					"$(PROJECT_DIR)/FSiOSAppDemo/Library",
				);
				GCC_PRECOMPILE_PREFIX_HEADER = YES;
				GCC_PREFIX_HEADER = FSiOSAppDemo/PrefixHeader.pch;
				INFOPLIST_FILE = FSiOSAppDemo/Info.plist;
				IPHONEOS_DEPLOYMENT_TARGET = 10.0;
				LD_RUNPATH_SEARCH_PATHS = "$(inherited) @executable_path/Frameworks";
				MACH_O_TYPE = mh_execute;
				OTHER_LDFLAGS = "";
				OTHER_LIBTOOLFLAGS = "-ObjC";
				PRODUCT_BUNDLE_IDENTIFIER = com.FSiOSAppDemo;
				PRODUCT_NAME = "$(TARGET_NAME)";
				PROVISIONING_PROFILE = "05e4eb12-d57a-4830-9259-37b5dce1d277";
				PROVISIONING_PROFILE_SPECIFIER = "FastMap Team";
				TARGETED_DEVICE_FAMILY = "1,2";
			};
			name = Debug;
		};
		0405071B212A9609009A739C /* Release */ = {
			isa = XCBuildConfiguration;
			buildSettings = {
				ARCHS = (
					"$(ARCHS_STANDARD)",
					armv7s,
				);
				ASSETCATALOG_COMPILER_APPICON_NAME = AppIcon;
				CODE_SIGN_STYLE = Manual;
				DEVELOPMENT_TEAM = U72R3QQ45L;
				FRAMEWORK_SEARCH_PATHS = (
					"$(inherited)",
					"$(PROJECT_DIR)/FSiOSAppDemo/Library",
				);
				GCC_PRECOMPILE_PREFIX_HEADER = YES;
				GCC_PREFIX_HEADER = FSiOSAppDemo/PrefixHeader.pch;
				INFOPLIST_FILE = FSiOSAppDemo/Info.plist;
				IPHONEOS_DEPLOYMENT_TARGET = 10.0;
				LD_RUNPATH_SEARCH_PATHS = "$(inherited) @executable_path/Frameworks";
				MACH_O_TYPE = mh_execute;
				OTHER_LDFLAGS = "";
				OTHER_LIBTOOLFLAGS = "-ObjC";
				PRODUCT_BUNDLE_IDENTIFIER = com.FSiOSAppDemo;
				PRODUCT_NAME = "$(TARGET_NAME)";
				PROVISIONING_PROFILE = "05e4eb12-d57a-4830-9259-37b5dce1d277";
				PROVISIONING_PROFILE_SPECIFIER = "FastMap Team";
				TARGETED_DEVICE_FAMILY = "1,2";
			};
			name = Release;
		};
		0405071D212A9609009A739C /* Debug */ = {
			isa = XCBuildConfiguration;
			buildSettings = {
				BUNDLE_LOADER = "$(TEST_HOST)";
				CODE_SIGN_STYLE = Automatic;
				INFOPLIST_FILE = FSiOSAppDemoTests/Info.plist;
				LD_RUNPATH_SEARCH_PATHS = "$(inherited) @executable_path/Frameworks @loader_path/Frameworks";
				PRODUCT_BUNDLE_IDENTIFIER = com.FSiOSAppDemoTests;
				PRODUCT_NAME = "$(TARGET_NAME)";
				TARGETED_DEVICE_FAMILY = "1,2";
				TEST_HOST = "$(BUILT_PRODUCTS_DIR)/FSiOSAppDemo.app/FSiOSAppDemo";
			};
			name = Debug;
		};
		0405071E212A9609009A739C /* Release */ = {
			isa = XCBuildConfiguration;
			buildSettings = {
				BUNDLE_LOADER = "$(TEST_HOST)";
				CODE_SIGN_STYLE = Automatic;
				INFOPLIST_FILE = FSiOSAppDemoTests/Info.plist;
				LD_RUNPATH_SEARCH_PATHS = "$(inherited) @executable_path/Frameworks @loader_path/Frameworks";
				PRODUCT_BUNDLE_IDENTIFIER = com.FSiOSAppDemoTests;
				PRODUCT_NAME = "$(TARGET_NAME)";
				TARGETED_DEVICE_FAMILY = "1,2";
				TEST_HOST = "$(BUILT_PRODUCTS_DIR)/FSiOSAppDemo.app/FSiOSAppDemo";
			};
			name = Release;
		};
		04050720212A9609009A739C /* Debug */ = {
			isa = XCBuildConfiguration;
			buildSettings = {
				CODE_SIGN_STYLE = Automatic;
				INFOPLIST_FILE = FSiOSAppDemoUITests/Info.plist;
				LD_RUNPATH_SEARCH_PATHS = "$(inherited) @executable_path/Frameworks @loader_path/Frameworks";
				PRODUCT_BUNDLE_IDENTIFIER = com.FSiOSAppDemoUITests;
				PRODUCT_NAME = "$(TARGET_NAME)";
				TARGETED_DEVICE_FAMILY = "1,2";
				TEST_TARGET_NAME = FSiOSAppDemo;
			};
			name = Debug;
		};
		04050721212A9609009A739C /* Release */ = {
			isa = XCBuildConfiguration;
			buildSettings = {
				CODE_SIGN_STYLE = Automatic;
				INFOPLIST_FILE = FSiOSAppDemoUITests/Info.plist;
				LD_RUNPATH_SEARCH_PATHS = "$(inherited) @executable_path/Frameworks @loader_path/Frameworks";
				PRODUCT_BUNDLE_IDENTIFIER = com.FSiOSAppDemoUITests;
				PRODUCT_NAME = "$(TARGET_NAME)";
				TARGETED_DEVICE_FAMILY = "1,2";
				TEST_TARGET_NAME = FSiOSAppDemo;
			};
			name = Release;
		};
/* End XCBuildConfiguration section */

/* Begin XCConfigurationList section */
		040506E8212A9608009A739C /* Build configuration list for PBXProject "FSiOSAppDemo" */ = {
			isa = XCConfigurationList;
			buildConfigurations = (
				04050717212A9609009A739C /* Debug */,
				04050718212A9609009A739C /* Release */,
			);
			defaultConfigurationIsVisible = 0;
			defaultConfigurationName = Release;
		};
		04050719212A9609009A739C /* Build configuration list for PBXNativeTarget "FSiOSAppDemo" */ = {
			isa = XCConfigurationList;
			buildConfigurations = (
				0405071A212A9609009A739C /* Debug */,
				0405071B212A9609009A739C /* Release */,
			);
			defaultConfigurationIsVisible = 0;
			defaultConfigurationName = Release;
		};
		0405071C212A9609009A739C /* Build configuration list for PBXNativeTarget "FSiOSAppDemoTests" */ = {
			isa = XCConfigurationList;
			buildConfigurations = (
				0405071D212A9609009A739C /* Debug */,
				0405071E212A9609009A739C /* Release */,
			);
			defaultConfigurationIsVisible = 0;
			defaultConfigurationName = Release;
		};
		0405071F212A9609009A739C /* Build configuration list for PBXNativeTarget "FSiOSAppDemoUITests" */ = {
			isa = XCConfigurationList;
			buildConfigurations = (
				04050720212A9609009A739C /* Debug */,
				04050721212A9609009A739C /* Release */,
			);
			defaultConfigurationIsVisible = 0;
			defaultConfigurationName = Release;
		};
/* End XCConfigurationList section */
	};
	rootObject = 040506E5212A9608009A739C /* Project object */;
}
